
Microsoft Visual Studio Solution File, Format Version 12.00
# Visual Studio 15
VisualStudioVersion = 15.0.28010.2046
MinimumVisualStudioVersion = 10.0.40219.1
Project("{FAE04EC0-301F-11D3-BF4B-00C04F79EFBC}") = "Global", "Global\Global.csproj", "{E62468F6-8D29-4439-8C8F-9C47D100AEE7}"
EndProject
Global
	GlobalSection(SolutionConfigurationPlatforms) = preSolution
		Debug|Any CPU = Debug|Any CPU
		Release|Any CPU = Release|Any CPU
	EndGlobalSection
	GlobalSection(ProjectConfigurationPlatforms) = postSolution
		{E62468F6-8D29-4439-8C8F-9C47D100AEE7}.Debug|Any CPU.ActiveCfg = Debug|Any CPU
		{E62468F6-8D29-4439-8C8F-9C47D100AEE7}.Debug|Any CPU.Build.0 = Debug|Any CPU
		{E62468F6-8D29-4439-8C8F-9C47D100AEE7}.Release|Any CPU.ActiveCfg = Release|Any CPU
		{E62468F6-8D29-4439-8C8F-9C47D100AEE7}.Release|Any CPU.Build.0 = Release|Any CPU
	EndGlobalSection
	GlobalSection(SolutionProperties) = preSolution
		HideSolutionNode = FALSE
	EndGlobalSection
	GlobalSection(ExtensibilityGlobals) = postSolution
		SolutionGuid = {F47D9A75-01C9-4366-8840-F8847D232354}
	EndGlobalSection
EndGlobal
